// !$*UTF8*$!
{
	archiveVersion = 1;
	classes = {
	};
	objectVersion = 50;
	objects = {

/* Begin PBXBuildFile section */
		FBEB0F9522A54A240094F3E9 /* AppDelegate.swift in Sources */ = {isa = PBXBuildFile; fileRef = FBEB0F9422A54A240094F3E9 /* AppDelegate.swift */; };
		FBEB0F9A22A54A240094F3E9 /* Main.storyboard in Resources */ = {isa = PBXBuildFile; fileRef = FBEB0F9822A54A240094F3E9 /* Main.storyboard */; };
		FBEB0F9C22A54A250094F3E9 /* Assets.xcassets in Resources */ = {isa = PBXBuildFile; fileRef = FBEB0F9B22A54A250094F3E9 /* Assets.xcassets */; };
		FBEB0F9F22A54A250094F3E9 /* LaunchScreen.storyboard in Resources */ = {isa = PBXBuildFile; fileRef = FBEB0F9D22A54A250094F3E9 /* LaunchScreen.storyboard */; };
		FBEB0FA822A54E350094F3E9 /* Message.swift in Sources */ = {isa = PBXBuildFile; fileRef = FBEB0FA722A54E350094F3E9 /* Message.swift */; };
		FBEB0FAD22A54E590094F3E9 /* CloudKit.framework in Frameworks */ = {isa = PBXBuildFile; fileRef = FBEB0FAC22A54E590094F3E9 /* CloudKit.framework */; };
		FBEB0FAF22A557E70094F3E9 /* MessageController.swift in Sources */ = {isa = PBXBuildFile; fileRef = FBEB0FAE22A557E70094F3E9 /* MessageController.swift */; };
		FBEB0FB222A55C8F0094F3E9 /* MessageListTableViewController.swift in Sources */ = {isa = PBXBuildFile; fileRef = FBEB0FB122A55C8F0094F3E9 /* MessageListTableViewController.swift */; };
/* End PBXBuildFile section */

/* Begin PBXFileReference section */
		FBEB0F9122A54A240094F3E9 /* CKBulletinBoard.app */ = {isa = PBXFileReference; explicitFileType = wrapper.application; includeInIndex = 0; path = CKBulletinBoard.app; sourceTree = BUILT_PRODUCTS_DIR; };
		FBEB0F9422A54A240094F3E9 /* AppDelegate.swift */ = {isa = PBXFileReference; lastKnownFileType = sourcecode.swift; path = AppDelegate.swift; sourceTree = "<group>"; };
		FBEB0F9922A54A240094F3E9 /* Base */ = {isa = PBXFileReference; lastKnownFileType = file.storyboard; name = Base; path = Base.lproj/Main.storyboard; sourceTree = "<group>"; };
		FBEB0F9B22A54A250094F3E9 /* Assets.xcassets */ = {isa = PBXFileReference; lastKnownFileType = folder.assetcatalog; path = Assets.xcassets; sourceTree = "<group>"; };
		FBEB0F9E22A54A250094F3E9 /* Base */ = {isa = PBXFileReference; lastKnownFileType = file.storyboard; name = Base; path = Base.lproj/LaunchScreen.storyboard; sourceTree = "<group>"; };
		FBEB0FA022A54A250094F3E9 /* Info.plist */ = {isa = PBXFileReference; lastKnownFileType = text.plist.xml; path = Info.plist; sourceTree = "<group>"; };
		FBEB0FA722A54E350094F3E9 /* Message.swift */ = {isa = PBXFileReference; lastKnownFileType = sourcecode.swift; path = Message.swift; sourceTree = "<group>"; };
		FBEB0FAA22A54E490094F3E9 /* CKBulletinBoard.entitlements */ = {isa = PBXFileReference; lastKnownFileType = text.plist.entitlements; path = CKBulletinBoard.entitlements; sourceTree = "<group>"; };
		FBEB0FAC22A54E590094F3E9 /* CloudKit.framework */ = {isa = PBXFileReference; lastKnownFileType = wrapper.framework; name = CloudKit.framework; path = System/Library/Frameworks/CloudKit.framework; sourceTree = SDKROOT; };
		FBEB0FAE22A557E70094F3E9 /* MessageController.swift */ = {isa = PBXFileReference; lastKnownFileType = sourcecode.swift; path = MessageController.swift; sourceTree = "<group>"; };
		FBEB0FB122A55C8F0094F3E9 /* MessageListTableViewController.swift */ = {isa = PBXFileReference; lastKnownFileType = sourcecode.swift; path = MessageListTableViewController.swift; sourceTree = "<group>"; };
/* End PBXFileReference section */

/* Begin PBXFrameworksBuildPhase section */
		FBEB0F8E22A54A240094F3E9 /* Frameworks */ = {
			isa = PBXFrameworksBuildPhase;
			buildActionMask = 2147483647;
			files = (
				FBEB0FAD22A54E590094F3E9 /* CloudKit.framework in Frameworks */,
			);
			runOnlyForDeploymentPostprocessing = 0;
		};
/* End PBXFrameworksBuildPhase section */

/* Begin PBXGroup section */
		FBEB0F8822A54A240094F3E9 = {
			isa = PBXGroup;
			children = (
				FBEB0F9322A54A240094F3E9 /* CKBulletinBoard */,
				FBEB0F9222A54A240094F3E9 /* Products */,
				FBEB0FAB22A54E590094F3E9 /* Frameworks */,
			);
			sourceTree = "<group>";
		};
		FBEB0F9222A54A240094F3E9 /* Products */ = {
			isa = PBXGroup;
			children = (
				FBEB0F9122A54A240094F3E9 /* CKBulletinBoard.app */,
			);
			name = Products;
			sourceTree = "<group>";
		};
		FBEB0F9322A54A240094F3E9 /* CKBulletinBoard */ = {
			isa = PBXGroup;
			children = (
				FBEB0FAA22A54E490094F3E9 /* CKBulletinBoard.entitlements */,
				FBEB0FB322A55C9D0094F3E9 /* View Controller */,
				FBEB0FB022A557ED0094F3E9 /* Controllers */,
				FBEB0FA922A54E390094F3E9 /* Model */,
				FBEB0FA622A54D180094F3E9 /* Resources */,
				FBEB0F9822A54A240094F3E9 /* Main.storyboard */,
			);
			path = CKBulletinBoard;
			sourceTree = "<group>";
		};
		FBEB0FA622A54D180094F3E9 /* Resources */ = {
			isa = PBXGroup;
			children = (
				FBEB0F9422A54A240094F3E9 /* AppDelegate.swift */,
				FBEB0F9B22A54A250094F3E9 /* Assets.xcassets */,
				FBEB0F9D22A54A250094F3E9 /* LaunchScreen.storyboard */,
				FBEB0FA022A54A250094F3E9 /* Info.plist */,
			);
			path = Resources;
			sourceTree = "<group>";
		};
		FBEB0FA922A54E390094F3E9 /* Model */ = {
			isa = PBXGroup;
			children = (
				FBEB0FA722A54E350094F3E9 /* Message.swift */,
			);
			path = Model;
			sourceTree = "<group>";
		};
		FBEB0FAB22A54E590094F3E9 /* Frameworks */ = {
			isa = PBXGroup;
			children = (
				FBEB0FAC22A54E590094F3E9 /* CloudKit.framework */,
			);
			name = Frameworks;
			sourceTree = "<group>";
		};
		FBEB0FB022A557ED0094F3E9 /* Controllers */ = {
			isa = PBXGroup;
			children = (
				FBEB0FAE22A557E70094F3E9 /* MessageController.swift */,
			);
			path = Controllers;
			sourceTree = "<group>";
		};
		FBEB0FB322A55C9D0094F3E9 /* View Controller */ = {
			isa = PBXGroup;
			children = (
				FBEB0FB122A55C8F0094F3E9 /* MessageListTableViewController.swift */,
			);
			path = "View Controller";
			sourceTree = "<group>";
		};
/* End PBXGroup section */

/* Begin PBXNativeTarget section */
		FBEB0F9022A54A240094F3E9 /* CKBulletinBoard */ = {
			isa = PBXNativeTarget;
			buildConfigurationList = FBEB0FA322A54A250094F3E9 /* Build configuration list for PBXNativeTarget "CKBulletinBoard" */;
			buildPhases = (
				FBEB0F8D22A54A240094F3E9 /* Sources */,
				FBEB0F8E22A54A240094F3E9 /* Frameworks */,
				FBEB0F8F22A54A240094F3E9 /* Resources */,
			);
			buildRules = (
			);
			dependencies = (
			);
			name = CKBulletinBoard;
			productName = CKBulletinBoard;
			productReference = FBEB0F9122A54A240094F3E9 /* CKBulletinBoard.app */;
			productType = "com.apple.product-type.application";
		};
/* End PBXNativeTarget section */

/* Begin PBXProject section */
		FBEB0F8922A54A240094F3E9 /* Project object */ = {
			isa = PBXProject;
			attributes = {
				LastSwiftUpdateCheck = 1020;
				LastUpgradeCheck = 1020;
				ORGANIZATIONNAME = "Karl Pfister";
				TargetAttributes = {
					FBEB0F9022A54A240094F3E9 = {
						CreatedOnToolsVersion = 10.2.1;
						SystemCapabilities = {
							com.apple.Push = {
								enabled = 1;
							};
							com.apple.iCloud = {
								enabled = 1;
							};
						};
					};
				};
			};
			buildConfigurationList = FBEB0F8C22A54A240094F3E9 /* Build configuration list for PBXProject "CKBulletinBoard" */;
			compatibilityVersion = "Xcode 9.3";
			developmentRegion = en;
			hasScannedForEncodings = 0;
			knownRegions = (
				en,
				Base,
			);
			mainGroup = FBEB0F8822A54A240094F3E9;
			productRefGroup = FBEB0F9222A54A240094F3E9 /* Products */;
			projectDirPath = "";
			projectRoot = "";
			targets = (
				FBEB0F9022A54A240094F3E9 /* CKBulletinBoard */,
			);
		};
/* End PBXProject section */

/* Begin PBXResourcesBuildPhase section */
		FBEB0F8F22A54A240094F3E9 /* Resources */ = {
			isa = PBXResourcesBuildPhase;
			buildActionMask = 2147483647;
			files = (
				FBEB0F9F22A54A250094F3E9 /* LaunchScreen.storyboard in Resources */,
				FBEB0F9C22A54A250094F3E9 /* Assets.xcassets in Resources */,
				FBEB0F9A22A54A240094F3E9 /* Main.storyboard in Resources */,
			);
			runOnlyForDeploymentPostprocessing = 0;
		};
/* End PBXResourcesBuildPhase section */

/* Begin PBXSourcesBuildPhase section */
		FBEB0F8D22A54A240094F3E9 /* Sources */ = {
			isa = PBXSourcesBuildPhase;
			buildActionMask = 2147483647;
			files = (
				FBEB0F9522A54A240094F3E9 /* AppDelegate.swift in Sources */,
				FBEB0FAF22A557E70094F3E9 /* MessageController.swift in Sources */,
				FBEB0FA822A54E350094F3E9 /* Message.swift in Sources */,
				FBEB0FB222A55C8F0094F3E9 /* MessageListTableViewController.swift in Sources */,
			);
			runOnlyForDeploymentPostprocessing = 0;
		};
/* End PBXSourcesBuildPhase section */

/* Begin PBXVariantGroup section */
		FBEB0F9822A54A240094F3E9 /* Main.storyboard */ = {
			isa = PBXVariantGroup;
			children = (
				FBEB0F9922A54A240094F3E9 /* Base */,
			);
			name = Main.storyboard;
			sourceTree = "<group>";
		};
		FBEB0F9D22A54A250094F3E9 /* LaunchScreen.storyboard */ = {
			isa = PBXVariantGroup;
			children = (
				FBEB0F9E22A54A250094F3E9 /* Base */,
			);
			name = LaunchScreen.storyboard;
			sourceTree = "<group>";
		};
/* End PBXVariantGroup section */

/* Begin XCBuildConfiguration section */
		FBEB0FA122A54A250094F3E9 /* Debug */ = {
			isa = XCBuildConfiguration;
			buildSettings = {
				ALWAYS_SEARCH_USER_PATHS = NO;
				CLANG_ANALYZER_NONNULL = YES;
				CLANG_ANALYZER_NUMBER_OBJECT_CONVERSION = YES_AGGRESSIVE;
				CLANG_CXX_LANGUAGE_STANDARD = "gnu++14";
				CLANG_CXX_LIBRARY = "libc++";
				CLANG_ENABLE_MODULES = YES;
				CLANG_ENABLE_OBJC_ARC = YES;
				CLANG_ENABLE_OBJC_WEAK = YES;
				CLANG_WARN_BLOCK_CAPTURE_AUTORELEASING = YES;
				CLANG_WARN_BOOL_CONVERSION = YES;
				CLANG_WARN_COMMA = YES;
				CLANG_WARN_CONSTANT_CONVERSION = YES;
				CLANG_WARN_DEPRECATED_OBJC_IMPLEMENTATIONS = YES;
				CLANG_WARN_DIRECT_OBJC_ISA_USAGE = YES_ERROR;
				CLANG_WARN_DOCUMENTATION_COMMENTS = YES;
				CLANG_WARN_EMPTY_BODY = YES;
				CLANG_WARN_ENUM_CONVERSION = YES;
				CLANG_WARN_INFINITE_RECURSION = YES;
				CLANG_WARN_INT_CONVERSION = YES;
				CLANG_WARN_NON_LITERAL_NULL_CONVERSION = YES;
				CLANG_WARN_OBJC_IMPLICIT_RETAIN_SELF = YES;
				CLANG_WARN_OBJC_LITERAL_CONVERSION = YES;
				CLANG_WARN_OBJC_ROOT_CLASS = YES_ERROR;
				CLANG_WARN_RANGE_LOOP_ANALYSIS = YES;
				CLANG_WARN_STRICT_PROTOTYPES = YES;
				CLANG_WARN_SUSPICIOUS_MOVE = YES;
				CLANG_WARN_UNGUARDED_AVAILABILITY = YES_AGGRESSIVE;
				CLANG_WARN_UNREACHABLE_CODE = YES;
				CLANG_WARN__DUPLICATE_METHOD_MATCH = YES;
				CODE_SIGN_IDENTITY = "iPhone Developer";
				COPY_PHASE_STRIP = NO;
				DEBUG_INFORMATION_FORMAT = dwarf;
				ENABLE_STRICT_OBJC_MSGSEND = YES;
				ENABLE_TESTABILITY = YES;
				GCC_C_LANGUAGE_STANDARD = gnu11;
				GCC_DYNAMIC_NO_PIC = NO;
				GCC_NO_COMMON_BLOCKS = YES;
				GCC_OPTIMIZATION_LEVEL = 0;
				GCC_PREPROCESSOR_DEFINITIONS = (
					"DEBUG=1",
					"$(inherited)",
				);
				GCC_WARN_64_TO_32_BIT_CONVERSION = YES;
				GCC_WARN_ABOUT_RETURN_TYPE = YES_ERROR;
				GCC_WARN_UNDECLARED_SELECTOR = YES;
				GCC_WARN_UNINITIALIZED_AUTOS = YES_AGGRESSIVE;
				GCC_WARN_UNUSED_FUNCTION = YES;
				GCC_WARN_UNUSED_VARIABLE = YES;
				IPHONEOS_DEPLOYMENT_TARGET = 12.2;
				MTL_ENABLE_DEBUG_INFO = INCLUDE_SOURCE;
				MTL_FAST_MATH = YES;
				ONLY_ACTIVE_ARCH = YES;
				SDKROOT = iphoneos;
				SWIFT_ACTIVE_COMPILATION_CONDITIONS = DEBUG;
				SWIFT_OPTIMIZATION_LEVEL = "-Onone";
			};
			name = Debug;
		};
		FBEB0FA222A54A250094F3E9 /* Release */ = {
			isa = XCBuildConfiguration;
			buildSettings = {
				ALWAYS_SEARCH_USER_PATHS = NO;
				CLANG_ANALYZER_NONNULL = YES;
				CLANG_ANALYZER_NUMBER_OBJECT_CONVERSION = YES_AGGRESSIVE;
				CLANG_CXX_LANGUAGE_STANDARD = "gnu++14";
				CLANG_CXX_LIBRARY = "libc++";
				CLANG_ENABLE_MODULES = YES;
				CLANG_ENABLE_OBJC_ARC = YES;
				CLANG_ENABLE_OBJC_WEAK = YES;
				CLANG_WARN_BLOCK_CAPTURE_AUTORELEASING = YES;
				CLANG_WARN_BOOL_CONVERSION = YES;
				CLANG_WARN_COMMA = YES;
				CLANG_WARN_CONSTANT_CONVERSION = YES;
				CLANG_WARN_DEPRECATED_OBJC_IMPLEMENTATIONS = YES;
				CLANG_WARN_DIRECT_OBJC_ISA_USAGE = YES_ERROR;
				CLANG_WARN_DOCUMENTATION_COMMENTS = YES;
				CLANG_WARN_EMPTY_BODY = YES;
				CLANG_WARN_ENUM_CONVERSION = YES;
				CLANG_WARN_INFINITE_RECURSION = YES;
				CLANG_WARN_INT_CONVERSION = YES;
				CLANG_WARN_NON_LITERAL_NULL_CONVERSION = YES;
				CLANG_WARN_OBJC_IMPLICIT_RETAIN_SELF = YES;
				CLANG_WARN_OBJC_LITERAL_CONVERSION = YES;
				CLANG_WARN_OBJC_ROOT_CLASS = YES_ERROR;
				CLANG_WARN_RANGE_LOOP_ANALYSIS = YES;
				CLANG_WARN_STRICT_PROTOTYPES = YES;
				CLANG_WARN_SUSPICIOUS_MOVE = YES;
				CLANG_WARN_UNGUARDED_AVAILABILITY = YES_AGGRESSIVE;
				CLANG_WARN_UNREACHABLE_CODE = YES;
				CLANG_WARN__DUPLICATE_METHOD_MATCH = YES;
				CODE_SIGN_IDENTITY = "iPhone Developer";
				COPY_PHASE_STRIP = NO;
				DEBUG_INFORMATION_FORMAT = "dwarf-with-dsym";
				ENABLE_NS_ASSERTIONS = NO;
				ENABLE_STRICT_OBJC_MSGSEND = YES;
				GCC_C_LANGUAGE_STANDARD = gnu11;
				GCC_NO_COMMON_BLOCKS = YES;
				GCC_WARN_64_TO_32_BIT_CONVERSION = YES;
				GCC_WARN_ABOUT_RETURN_TYPE = YES_ERROR;
				GCC_WARN_UNDECLARED_SELECTOR = YES;
				GCC_WARN_UNINITIALIZED_AUTOS = YES_AGGRESSIVE;
				GCC_WARN_UNUSED_FUNCTION = YES;
				GCC_WARN_UNUSED_VARIABLE = YES;
				IPHONEOS_DEPLOYMENT_TARGET = 12.2;
				MTL_ENABLE_DEBUG_INFO = NO;
				MTL_FAST_MATH = YES;
				SDKROOT = iphoneos;
				SWIFT_COMPILATION_MODE = wholemodule;
				SWIFT_OPTIMIZATION_LEVEL = "-O";
				VALIDATE_PRODUCT = YES;
			};
			name = Release;
		};
		FBEB0FA422A54A250094F3E9 /* Debug */ = {
			isa = XCBuildConfiguration;
			buildSettings = {
				ASSETCATALOG_COMPILER_APPICON_NAME = AppIcon;
				CODE_SIGN_ENTITLEMENTS = CKBulletinBoard/CKBulletinBoard.entitlements;
				CODE_SIGN_STYLE = Automatic;
				DEVELOPMENT_TEAM = 4J7B9732LY;
				INFOPLIST_FILE = "$(SRCROOT)/CKBulletinBoard/Resources/Info.plist";
				LD_RUNPATH_SEARCH_PATHS = (
					"$(inherited)",
					"@executable_path/Frameworks",
				);
				PRODUCT_BUNDLE_IDENTIFIER = DevMountain.CKBulletinBoard;
				PRODUCT_NAME = "$(TARGET_NAME)";
				SWIFT_VERSION = 5.0;
				TARGETED_DEVICE_FAMILY = "1,2";
			};
			name = Debug;
		};
		FBEB0FA522A54A250094F3E9 /* Release */ = {
			isa = XCBuildConfiguration;
			buildSettings = {
				ASSETCATALOG_COMPILER_APPICON_NAME = AppIcon;
				CODE_SIGN_ENTITLEMENTS = CKBulletinBoard/CKBulletinBoard.entitlements;
				CODE_SIGN_STYLE = Automatic;
				DEVELOPMENT_TEAM = 4J7B9732LY;
				INFOPLIST_FILE = "$(SRCROOT)/CKBulletinBoard/Resources/Info.plist";
				LD_RUNPATH_SEARCH_PATHS = (
					"$(inherited)",
					"@executable_path/Frameworks",
				);
				PRODUCT_BUNDLE_IDENTIFIER = DevMountain.CKBulletinBoard;
				PRODUCT_NAME = "$(TARGET_NAME)";
				SWIFT_VERSION = 5.0;
				TARGETED_DEVICE_FAMILY = "1,2";
			};
			name = Release;
		};
/* End XCBuildConfiguration section */

/* Begin XCConfigurationList section */
		FBEB0F8C22A54A240094F3E9 /* Build configuration list for PBXProject "CKBulletinBoard" */ = {
			isa = XCConfigurationList;
			buildConfigurations = (
				FBEB0FA122A54A250094F3E9 /* Debug */,
				FBEB0FA222A54A250094F3E9 /* Release */,
			);
			defaultConfigurationIsVisible = 0;
			defaultConfigurationName = Release;
		};
		FBEB0FA322A54A250094F3E9 /* Build configuration list for PBXNativeTarget "CKBulletinBoard" */ = {
			isa = XCConfigurationList;
			buildConfigurations = (
				FBEB0FA422A54A250094F3E9 /* Debug */,
				FBEB0FA522A54A250094F3E9 /* Release */,
			);
			defaultConfigurationIsVisible = 0;
			defaultConfigurationName = Release;
		};
/* End XCConfigurationList section */
	};
	rootObject = FBEB0F8922A54A240094F3E9 /* Project object */;
}
